
Microsoft Visual Studio Solution File, Format Version 12.00
# Visual Studio Version 17
VisualStudioVersion = 17.10.34928.147
MinimumVisualStudioVersion = 10.0.40219.1
Project("{FAE04EC0-301F-11D3-BF4B-00C04F79EFBC}") = "Pz_Proj_11_12", "Pz_Proj_11_12.csproj", "{F82A2342-5427-4F04-8B7E-091C01E7C03E}"
EndProject
Global
	GlobalSection(SolutionConfigurationPlatforms) = preSolution
		Debug|Any CPU = Debug|Any CPU
		Release|Any CPU = Release|Any CPU
	EndGlobalSection
	GlobalSection(ProjectConfigurationPlatforms) = postSolution
		{F82A2342-5427-4F04-8B7E-091C01E7C03E}.Debug|Any CPU.ActiveCfg = Debug|Any CPU
		{F82A2342-5427-4F04-8B7E-091C01E7C03E}.Debug|Any CPU.Build.0 = Debug|Any CPU
		{F82A2342-5427-4F04-8B7E-091C01E7C03E}.Release|Any CPU.ActiveCfg = Release|Any CPU
		{F82A2342-5427-4F04-8B7E-091C01E7C03E}.Release|Any CPU.Build.0 = Release|Any CPU
	EndGlobalSection
	GlobalSection(SolutionProperties) = preSolution
		HideSolutionNode = FALSE
	EndGlobalSection
	GlobalSection(ExtensibilityGlobals) = postSolution
		SolutionGuid = {CEFD7B5F-4DFD-4F18-931D-C695D2A23384}
	EndGlobalSection
EndGlobal
